
Microsoft Visual Studio Solution File, Format Version 12.00
# Visual Studio 14
VisualStudioVersion = 14.0.25420.1
MinimumVisualStudioVersion = 10.0.40219.1
Project("{FAE04EC0-301F-11D3-BF4B-00C04F79EFBC}") = "GUI", "GUI\GUI.csproj", "{83D5FD8B-C348-4BBC-873B-159C699885D2}"
EndProject
Project("{FAE04EC0-301F-11D3-BF4B-00C04F79EFBC}") = "DTO", "DTO\DTO.csproj", "{7B52FB8A-1C16-4B82-8455-424FC0ACCE32}"
EndProject
Project("{FAE04EC0-301F-11D3-BF4B-00C04F79EFBC}") = "DAL", "DAL\DAL.csproj", "{A996AF89-E865-48B2-98A1-B0E494741111}"
EndProject
Project("{FAE04EC0-301F-11D3-BF4B-00C04F79EFBC}") = "BUS", "BUS\BUS.csproj", "{21F21E53-09A3-4761-875A-15F11EB26674}"
EndProject
Global
	GlobalSection(SolutionConfigurationPlatforms) = preSolution
		Debug|Any CPU = Debug|Any CPU
		Release|Any CPU = Release|Any CPU
	EndGlobalSection
	GlobalSection(ProjectConfigurationPlatforms) = postSolution
		{83D5FD8B-C348-4BBC-873B-159C699885D2}.Debug|Any CPU.ActiveCfg = Debug|Any CPU
		{83D5FD8B-C348-4BBC-873B-159C699885D2}.Debug|Any CPU.Build.0 = Debug|Any CPU
		{83D5FD8B-C348-4BBC-873B-159C699885D2}.Release|Any CPU.ActiveCfg = Release|Any CPU
		{83D5FD8B-C348-4BBC-873B-159C699885D2}.Release|Any CPU.Build.0 = Release|Any CPU
		{7B52FB8A-1C16-4B82-8455-424FC0ACCE32}.Debug|Any CPU.ActiveCfg = Debug|Any CPU
		{7B52FB8A-1C16-4B82-8455-424FC0ACCE32}.Debug|Any CPU.Build.0 = Debug|Any CPU
		{7B52FB8A-1C16-4B82-8455-424FC0ACCE32}.Release|Any CPU.ActiveCfg = Release|Any CPU
		{7B52FB8A-1C16-4B82-8455-424FC0ACCE32}.Release|Any CPU.Build.0 = Release|Any CPU
		{A996AF89-E865-48B2-98A1-B0E494741111}.Debug|Any CPU.ActiveCfg = Debug|Any CPU
		{A996AF89-E865-48B2-98A1-B0E494741111}.Debug|Any CPU.Build.0 = Debug|Any CPU
		{A996AF89-E865-48B2-98A1-B0E494741111}.Release|Any CPU.ActiveCfg = Release|Any CPU
		{A996AF89-E865-48B2-98A1-B0E494741111}.Release|Any CPU.Build.0 = Release|Any CPU
		{21F21E53-09A3-4761-875A-15F11EB26674}.Debug|Any CPU.ActiveCfg = Debug|Any CPU
		{21F21E53-09A3-4761-875A-15F11EB26674}.Debug|Any CPU.Build.0 = Debug|Any CPU
		{21F21E53-09A3-4761-875A-15F11EB26674}.Release|Any CPU.ActiveCfg = Release|Any CPU
		{21F21E53-09A3-4761-875A-15F11EB26674}.Release|Any CPU.Build.0 = Release|Any CPU
	EndGlobalSection
	GlobalSection(SolutionProperties) = preSolution
		HideSolutionNode = FALSE
	EndGlobalSection
EndGlobal
